
Microsoft Visual Studio Solution File, Format Version 12.00
# Visual Studio Version 17
VisualStudioVersion = 17.0.32112.339
MinimumVisualStudioVersion = 10.0.40219.1
Project("{FAE04EC0-301F-11D3-BF4B-00C04F79EFBC}") = "HelloConsole", "HelloConsole\HelloConsole.csproj", "{90D46DAB-84B5-4DC5-B8B6-B3C9A56F6453}"
EndProject
Global
	GlobalSection(SolutionConfigurationPlatforms) = preSolution
		Debug|Any CPU = Debug|Any CPU
		Release|Any CPU = Release|Any CPU
	EndGlobalSection
	GlobalSection(ProjectConfigurationPlatforms) = postSolution
		{90D46DAB-84B5-4DC5-B8B6-B3C9A56F6453}.Debug|Any CPU.ActiveCfg = Debug|Any CPU
		{90D46DAB-84B5-4DC5-B8B6-B3C9A56F6453}.Debug|Any CPU.Build.0 = Debug|Any CPU
		{90D46DAB-84B5-4DC5-B8B6-B3C9A56F6453}.Release|Any CPU.ActiveCfg = Release|Any CPU
		{90D46DAB-84B5-4DC5-B8B6-B3C9A56F6453}.Release|Any CPU.Build.0 = Release|Any CPU
	EndGlobalSection
	GlobalSection(SolutionProperties) = preSolution
		HideSolutionNode = FALSE
	EndGlobalSection
	GlobalSection(ExtensibilityGlobals) = postSolution
		SolutionGuid = {59FFCBED-3878-4856-AD79-C7B835182552}
	EndGlobalSection
EndGlobal
